
Microsoft Visual Studio Solution File, Format Version 12.00
# Visual Studio Version 17
VisualStudioVersion = 17.9.34728.123
MinimumVisualStudioVersion = 10.0.40219.1
Project("{FAE04EC0-301F-11D3-BF4B-00C04F79EFBC}") = "YENİ2 PERSONEL", "YENİ2 PERSONEL\YENİ2 PERSONEL.csproj", "{474E0432-A339-4A25-BC4D-B3F9B2B23A92}"
EndProject
Global
	GlobalSection(SolutionConfigurationPlatforms) = preSolution
		Debug|Any CPU = Debug|Any CPU
		Release|Any CPU = Release|Any CPU
	EndGlobalSection
	GlobalSection(ProjectConfigurationPlatforms) = postSolution
		{474E0432-A339-4A25-BC4D-B3F9B2B23A92}.Debug|Any CPU.ActiveCfg = Debug|Any CPU
		{474E0432-A339-4A25-BC4D-B3F9B2B23A92}.Debug|Any CPU.Build.0 = Debug|Any CPU
		{474E0432-A339-4A25-BC4D-B3F9B2B23A92}.Release|Any CPU.ActiveCfg = Release|Any CPU
		{474E0432-A339-4A25-BC4D-B3F9B2B23A92}.Release|Any CPU.Build.0 = Release|Any CPU
	EndGlobalSection
	GlobalSection(SolutionProperties) = preSolution
		HideSolutionNode = FALSE
	EndGlobalSection
	GlobalSection(ExtensibilityGlobals) = postSolution
		SolutionGuid = {0E76B749-D49B-4019-97A5-C519EB530B7D}
	EndGlobalSection
EndGlobal
